
Microsoft Visual Studio Solution File, Format Version 12.00
# Visual Studio Version 17
VisualStudioVersion = 17.6.33829.357
MinimumVisualStudioVersion = 10.0.40219.1
Project("{FAE04EC0-301F-11D3-BF4B-00C04F79EFBC}") = "MVCCRUD", "MVCCRUD\MVCCRUD.csproj", "{2F717E53-9C57-443C-B9FB-90373C0E91EF}"
EndProject
Global
	GlobalSection(SolutionConfigurationPlatforms) = preSolution
		Debug|Any CPU = Debug|Any CPU
		Release|Any CPU = Release|Any CPU
	EndGlobalSection
	GlobalSection(ProjectConfigurationPlatforms) = postSolution
		{2F717E53-9C57-443C-B9FB-90373C0E91EF}.Debug|Any CPU.ActiveCfg = Debug|Any CPU
		{2F717E53-9C57-443C-B9FB-90373C0E91EF}.Debug|Any CPU.Build.0 = Debug|Any CPU
		{2F717E53-9C57-443C-B9FB-90373C0E91EF}.Release|Any CPU.ActiveCfg = Release|Any CPU
		{2F717E53-9C57-443C-B9FB-90373C0E91EF}.Release|Any CPU.Build.0 = Release|Any CPU
	EndGlobalSection
	GlobalSection(SolutionProperties) = preSolution
		HideSolutionNode = FALSE
	EndGlobalSection
	GlobalSection(ExtensibilityGlobals) = postSolution
		SolutionGuid = {E01F4750-333C-4B25-8ADA-A9A426D1CE1B}
	EndGlobalSection
EndGlobal
